// !$*UTF8*$!
{
	archiveVersion = 1;
	classes = {
	};
	objectVersion = 55;
	objects = {

/* Begin PBXBuildFile section */
		55538F8227FA16BD00330F34 /* HideKeyboardExtension.swift in Sources */ = {isa = PBXBuildFile; fileRef = 55538F8127FA16BD00330F34 /* HideKeyboardExtension.swift */; };
		55538F8427FA1ED600330F34 /* BackgroundImageView.swift in Sources */ = {isa = PBXBuildFile; fileRef = 55538F8327FA1ED600330F34 /* BackgroundImageView.swift */; };
		556ADA7327FE1CC5000B8F0F /* CheckboxStyle.swift in Sources */ = {isa = PBXBuildFile; fileRef = 556ADA7227FE1CC5000B8F0F /* CheckboxStyle.swift */; };
		5573017E28018641009F2757 /* Assets.xcassets in Resources */ = {isa = PBXBuildFile; fileRef = 558F2AF527F877E700AF4631 /* Assets.xcassets */; };
		5573017F28018735009F2757 /* Constant.swift in Sources */ = {isa = PBXBuildFile; fileRef = 558F2B1627F8B8D500AF4631 /* Constant.swift */; };
		558F2AF227F877E700AF4631 /* DevoteApp.swift in Sources */ = {isa = PBXBuildFile; fileRef = 558F2AF127F877E700AF4631 /* DevoteApp.swift */; };
		558F2AF427F877E700AF4631 /* ContentView.swift in Sources */ = {isa = PBXBuildFile; fileRef = 558F2AF327F877E700AF4631 /* ContentView.swift */; };
		558F2AF627F877E700AF4631 /* Assets.xcassets in Resources */ = {isa = PBXBuildFile; fileRef = 558F2AF527F877E700AF4631 /* Assets.xcassets */; };
		558F2AF927F877E700AF4631 /* Preview Assets.xcassets in Resources */ = {isa = PBXBuildFile; fileRef = 558F2AF827F877E700AF4631 /* Preview Assets.xcassets */; };
		558F2AFB27F877E700AF4631 /* Persistence.swift in Sources */ = {isa = PBXBuildFile; fileRef = 558F2AFA27F877E700AF4631 /* Persistence.swift */; };
		558F2AFE27F877E700AF4631 /* Devote.xcdatamodeld in Sources */ = {isa = PBXBuildFile; fileRef = 558F2AFC27F877E700AF4631 /* Devote.xcdatamodeld */; };
		558F2B0727F87B0A00AF4631 /* sound-rise.mp3 in Resources */ = {isa = PBXBuildFile; fileRef = 558F2B0427F87B0A00AF4631 /* sound-rise.mp3 */; };
		558F2B0827F87B0A00AF4631 /* sound-ding.mp3 in Resources */ = {isa = PBXBuildFile; fileRef = 558F2B0527F87B0A00AF4631 /* sound-ding.mp3 */; };
		558F2B0927F87B0A00AF4631 /* sound-tap.mp3 in Resources */ = {isa = PBXBuildFile; fileRef = 558F2B0627F87B0A00AF4631 /* sound-tap.mp3 */; };
		558F2B1727F8B8D500AF4631 /* Constant.swift in Sources */ = {isa = PBXBuildFile; fileRef = 558F2B1627F8B8D500AF4631 /* Constant.swift */; };
		55A1235327FC9C8600B2F958 /* NewTaskItemView.swift in Sources */ = {isa = PBXBuildFile; fileRef = 55A1235227FC9C8600B2F958 /* NewTaskItemView.swift */; };
		55A1235527FCAC2F00B2F958 /* BlankView.swift in Sources */ = {isa = PBXBuildFile; fileRef = 55A1235427FCAC2F00B2F958 /* BlankView.swift */; };
		55A1235727FCC8EA00B2F958 /* ListRowItemView.swift in Sources */ = {isa = PBXBuildFile; fileRef = 55A1235627FCC8EA00B2F958 /* ListRowItemView.swift */; };
		55FF793A27FF479B00D31C8C /* SoundPlayer.swift in Sources */ = {isa = PBXBuildFile; fileRef = 55FF793927FF479B00D31C8C /* SoundPlayer.swift */; };
		55FF794227FF53A800D31C8C /* WidgetKit.framework in Frameworks */ = {isa = PBXBuildFile; fileRef = 55FF794127FF53A800D31C8C /* WidgetKit.framework */; };
		55FF794427FF53A800D31C8C /* SwiftUI.framework in Frameworks */ = {isa = PBXBuildFile; fileRef = 55FF794327FF53A800D31C8C /* SwiftUI.framework */; };
		55FF794727FF53A800D31C8C /* DevoteWidget.swift in Sources */ = {isa = PBXBuildFile; fileRef = 55FF794627FF53A800D31C8C /* DevoteWidget.swift */; };
		55FF794927FF53A900D31C8C /* Assets.xcassets in Resources */ = {isa = PBXBuildFile; fileRef = 55FF794827FF53A900D31C8C /* Assets.xcassets */; };
		55FF794D27FF53A900D31C8C /* DevoteWidgetExtension.appex in Embed App Extensions */ = {isa = PBXBuildFile; fileRef = 55FF793F27FF53A800D31C8C /* DevoteWidgetExtension.appex */; settings = {ATTRIBUTES = (RemoveHeadersOnCopy, ); }; };
/* End PBXBuildFile section */

/* Begin PBXContainerItemProxy section */
		55FF794B27FF53A900D31C8C /* PBXContainerItemProxy */ = {
			isa = PBXContainerItemProxy;
			containerPortal = 558F2AE627F877E700AF4631 /* Project object */;
			proxyType = 1;
			remoteGlobalIDString = 55FF793E27FF53A800D31C8C;
			remoteInfo = DevoteWidgetExtension;
		};
/* End PBXContainerItemProxy section */

/* Begin PBXCopyFilesBuildPhase section */
		55FF795127FF53A900D31C8C /* Embed App Extensions */ = {
			isa = PBXCopyFilesBuildPhase;
			buildActionMask = 2147483647;
			dstPath = "";
			dstSubfolderSpec = 13;
			files = (
				55FF794D27FF53A900D31C8C /* DevoteWidgetExtension.appex in Embed App Extensions */,
			);
			name = "Embed App Extensions";
			runOnlyForDeploymentPostprocessing = 0;
		};
/* End PBXCopyFilesBuildPhase section */

/* Begin PBXFileReference section */
		55538F8127FA16BD00330F34 /* HideKeyboardExtension.swift */ = {isa = PBXFileReference; lastKnownFileType = sourcecode.swift; path = HideKeyboardExtension.swift; sourceTree = "<group>"; };
		55538F8327FA1ED600330F34 /* BackgroundImageView.swift */ = {isa = PBXFileReference; lastKnownFileType = sourcecode.swift; path = BackgroundImageView.swift; sourceTree = "<group>"; };
		556ADA7227FE1CC5000B8F0F /* CheckboxStyle.swift */ = {isa = PBXFileReference; lastKnownFileType = sourcecode.swift; path = CheckboxStyle.swift; sourceTree = "<group>"; };
		558F2AEE27F877E700AF4631 /* Devote.app */ = {isa = PBXFileReference; explicitFileType = wrapper.application; includeInIndex = 0; path = Devote.app; sourceTree = BUILT_PRODUCTS_DIR; };
		558F2AF127F877E700AF4631 /* DevoteApp.swift */ = {isa = PBXFileReference; lastKnownFileType = sourcecode.swift; path = DevoteApp.swift; sourceTree = "<group>"; };
		558F2AF327F877E700AF4631 /* ContentView.swift */ = {isa = PBXFileReference; lastKnownFileType = sourcecode.swift; path = ContentView.swift; sourceTree = "<group>"; };
		558F2AF527F877E700AF4631 /* Assets.xcassets */ = {isa = PBXFileReference; lastKnownFileType = folder.assetcatalog; path = Assets.xcassets; sourceTree = "<group>"; };
		558F2AF827F877E700AF4631 /* Preview Assets.xcassets */ = {isa = PBXFileReference; lastKnownFileType = folder.assetcatalog; path = "Preview Assets.xcassets"; sourceTree = "<group>"; };
		558F2AFA27F877E700AF4631 /* Persistence.swift */ = {isa = PBXFileReference; lastKnownFileType = sourcecode.swift; path = Persistence.swift; sourceTree = "<group>"; };
		558F2AFD27F877E700AF4631 /* Devote.xcdatamodel */ = {isa = PBXFileReference; lastKnownFileType = wrapper.xcdatamodel; path = Devote.xcdatamodel; sourceTree = "<group>"; };
		558F2B0427F87B0A00AF4631 /* sound-rise.mp3 */ = {isa = PBXFileReference; lastKnownFileType = audio.mp3; path = "sound-rise.mp3"; sourceTree = "<group>"; };
		558F2B0527F87B0A00AF4631 /* sound-ding.mp3 */ = {isa = PBXFileReference; lastKnownFileType = audio.mp3; path = "sound-ding.mp3"; sourceTree = "<group>"; };
		558F2B0627F87B0A00AF4631 /* sound-tap.mp3 */ = {isa = PBXFileReference; lastKnownFileType = audio.mp3; path = "sound-tap.mp3"; sourceTree = "<group>"; };
		558F2B1127F87CC000AF4631 /* Info.plist */ = {isa = PBXFileReference; lastKnownFileType = text.plist; path = Info.plist; sourceTree = "<group>"; };
		558F2B1627F8B8D500AF4631 /* Constant.swift */ = {isa = PBXFileReference; lastKnownFileType = sourcecode.swift; path = Constant.swift; sourceTree = "<group>"; };
		55A1235227FC9C8600B2F958 /* NewTaskItemView.swift */ = {isa = PBXFileReference; lastKnownFileType = sourcecode.swift; path = NewTaskItemView.swift; sourceTree = "<group>"; };
		55A1235427FCAC2F00B2F958 /* BlankView.swift */ = {isa = PBXFileReference; lastKnownFileType = sourcecode.swift; path = BlankView.swift; sourceTree = "<group>"; };
		55A1235627FCC8EA00B2F958 /* ListRowItemView.swift */ = {isa = PBXFileReference; lastKnownFileType = sourcecode.swift; path = ListRowItemView.swift; sourceTree = "<group>"; };
		55FF793927FF479B00D31C8C /* SoundPlayer.swift */ = {isa = PBXFileReference; lastKnownFileType = sourcecode.swift; path = SoundPlayer.swift; sourceTree = "<group>"; };
		55FF793F27FF53A800D31C8C /* DevoteWidgetExtension.appex */ = {isa = PBXFileReference; explicitFileType = "wrapper.app-extension"; includeInIndex = 0; path = DevoteWidgetExtension.appex; sourceTree = BUILT_PRODUCTS_DIR; };
		55FF794127FF53A800D31C8C /* WidgetKit.framework */ = {isa = PBXFileReference; lastKnownFileType = wrapper.framework; name = WidgetKit.framework; path = System/Library/Frameworks/WidgetKit.framework; sourceTree = SDKROOT; };
		55FF794327FF53A800D31C8C /* SwiftUI.framework */ = {isa = PBXFileReference; lastKnownFileType = wrapper.framework; name = SwiftUI.framework; path = System/Library/Frameworks/SwiftUI.framework; sourceTree = SDKROOT; };
		55FF794627FF53A800D31C8C /* DevoteWidget.swift */ = {isa = PBXFileReference; lastKnownFileType = sourcecode.swift; path = DevoteWidget.swift; sourceTree = "<group>"; };
		55FF794827FF53A900D31C8C /* Assets.xcassets */ = {isa = PBXFileReference; lastKnownFileType = folder.assetcatalog; path = Assets.xcassets; sourceTree = "<group>"; };
		55FF794A27FF53A900D31C8C /* Info.plist */ = {isa = PBXFileReference; lastKnownFileType = text.plist.xml; path = Info.plist; sourceTree = "<group>"; };
/* End PBXFileReference section */

/* Begin PBXFrameworksBuildPhase section */
		558F2AEB27F877E700AF4631 /* Frameworks */ = {
			isa = PBXFrameworksBuildPhase;
			buildActionMask = 2147483647;
			files = (
			);
			runOnlyForDeploymentPostprocessing = 0;
		};
		55FF793C27FF53A800D31C8C /* Frameworks */ = {
			isa = PBXFrameworksBuildPhase;
			buildActionMask = 2147483647;
			files = (
				55FF794427FF53A800D31C8C /* SwiftUI.framework in Frameworks */,
				55FF794227FF53A800D31C8C /* WidgetKit.framework in Frameworks */,
			);
			runOnlyForDeploymentPostprocessing = 0;
		};
/* End PBXFrameworksBuildPhase section */

/* Begin PBXGroup section */
		558F2AE527F877E700AF4631 = {
			isa = PBXGroup;
			children = (
				558F2AF027F877E700AF4631 /* Devote */,
				55FF794527FF53A800D31C8C /* DevoteWidget */,
				55FF794027FF53A800D31C8C /* Frameworks */,
				558F2AEF27F877E700AF4631 /* Products */,
			);
			sourceTree = "<group>";
		};
		558F2AEF27F877E700AF4631 /* Products */ = {
			isa = PBXGroup;
			children = (
				558F2AEE27F877E700AF4631 /* Devote.app */,
				55FF793F27FF53A800D31C8C /* DevoteWidgetExtension.appex */,
			);
			name = Products;
			sourceTree = "<group>";
		};
		558F2AF027F877E700AF4631 /* Devote */ = {
			isa = PBXGroup;
			children = (
				558F2B1127F87CC000AF4631 /* Info.plist */,
				558F2AF127F877E700AF4631 /* DevoteApp.swift */,
				558F2B0B27F87B5500AF4631 /* View */,
				558F2B1027F87BC500AF4631 /* Model */,
				558F2B0F27F87B9700AF4631 /* Style */,
				558F2B0E27F87B8800AF4631 /* Utility */,
				558F2B0C27F87B6800AF4631 /* Extension */,
				558F2B0A27F87B3F00AF4631 /* Sound */,
				558F2AF527F877E700AF4631 /* Assets.xcassets */,
				558F2AF727F877E700AF4631 /* Preview Content */,
			);
			path = Devote;
			sourceTree = "<group>";
		};
		558F2AF727F877E700AF4631 /* Preview Content */ = {
			isa = PBXGroup;
			children = (
				558F2AF827F877E700AF4631 /* Preview Assets.xcassets */,
			);
			path = "Preview Content";
			sourceTree = "<group>";
		};
		558F2B0A27F87B3F00AF4631 /* Sound */ = {
			isa = PBXGroup;
			children = (
				558F2B0527F87B0A00AF4631 /* sound-ding.mp3 */,
				558F2B0427F87B0A00AF4631 /* sound-rise.mp3 */,
				558F2B0627F87B0A00AF4631 /* sound-tap.mp3 */,
			);
			path = Sound;
			sourceTree = "<group>";
		};
		558F2B0B27F87B5500AF4631 /* View */ = {
			isa = PBXGroup;
			children = (
				558F2AF327F877E700AF4631 /* ContentView.swift */,
				55538F8327FA1ED600330F34 /* BackgroundImageView.swift */,
				55A1235227FC9C8600B2F958 /* NewTaskItemView.swift */,
				55A1235427FCAC2F00B2F958 /* BlankView.swift */,
				55A1235627FCC8EA00B2F958 /* ListRowItemView.swift */,
			);
			path = View;
			sourceTree = "<group>";
		};
		558F2B0C27F87B6800AF4631 /* Extension */ = {
			isa = PBXGroup;
			children = (
				55538F8127FA16BD00330F34 /* HideKeyboardExtension.swift */,
			);
			path = Extension;
			sourceTree = "<group>";
		};
		558F2B0E27F87B8800AF4631 /* Utility */ = {
			isa = PBXGroup;
			children = (
				558F2B1627F8B8D500AF4631 /* Constant.swift */,
				55FF793927FF479B00D31C8C /* SoundPlayer.swift */,
			);
			path = Utility;
			sourceTree = "<group>";
		};
		558F2B0F27F87B9700AF4631 /* Style */ = {
			isa = PBXGroup;
			children = (
				556ADA7227FE1CC5000B8F0F /* CheckboxStyle.swift */,
			);
			path = Style;
			sourceTree = "<group>";
		};
		558F2B1027F87BC500AF4631 /* Model */ = {
			isa = PBXGroup;
			children = (
				558F2AFA27F877E700AF4631 /* Persistence.swift */,
				558F2AFC27F877E700AF4631 /* Devote.xcdatamodeld */,
			);
			path = Model;
			sourceTree = "<group>";
		};
		55FF794027FF53A800D31C8C /* Frameworks */ = {
			isa = PBXGroup;
			children = (
				55FF794127FF53A800D31C8C /* WidgetKit.framework */,
				55FF794327FF53A800D31C8C /* SwiftUI.framework */,
			);
			name = Frameworks;
			sourceTree = "<group>";
		};
		55FF794527FF53A800D31C8C /* DevoteWidget */ = {
			isa = PBXGroup;
			children = (
				55FF794627FF53A800D31C8C /* DevoteWidget.swift */,
				55FF794827FF53A900D31C8C /* Assets.xcassets */,
				55FF794A27FF53A900D31C8C /* Info.plist */,
			);
			path = DevoteWidget;
			sourceTree = "<group>";
		};
/* End PBXGroup section */

/* Begin PBXNativeTarget section */
		558F2AED27F877E700AF4631 /* Devote */ = {
			isa = PBXNativeTarget;
			buildConfigurationList = 558F2B0127F877E700AF4631 /* Build configuration list for PBXNativeTarget "Devote" */;
			buildPhases = (
				558F2AEA27F877E700AF4631 /* Sources */,
				558F2AEB27F877E700AF4631 /* Frameworks */,
				558F2AEC27F877E700AF4631 /* Resources */,
				55FF795127FF53A900D31C8C /* Embed App Extensions */,
			);
			buildRules = (
			);
			dependencies = (
				55FF794C27FF53A900D31C8C /* PBXTargetDependency */,
			);
			name = Devote;
			productName = Devote;
			productReference = 558F2AEE27F877E700AF4631 /* Devote.app */;
			productType = "com.apple.product-type.application";
		};
		55FF793E27FF53A800D31C8C /* DevoteWidgetExtension */ = {
			isa = PBXNativeTarget;
			buildConfigurationList = 55FF794E27FF53A900D31C8C /* Build configuration list for PBXNativeTarget "DevoteWidgetExtension" */;
			buildPhases = (
				55FF793B27FF53A800D31C8C /* Sources */,
				55FF793C27FF53A800D31C8C /* Frameworks */,
				55FF793D27FF53A800D31C8C /* Resources */,
			);
			buildRules = (
			);
			dependencies = (
			);
			name = DevoteWidgetExtension;
			productName = DevoteWidgetExtension;
			productReference = 55FF793F27FF53A800D31C8C /* DevoteWidgetExtension.appex */;
			productType = "com.apple.product-type.app-extension";
		};
/* End PBXNativeTarget section */

/* Begin PBXProject section */
		558F2AE627F877E700AF4631 /* Project object */ = {
			isa = PBXProject;
			attributes = {
				BuildIndependentTargetsInParallel = 1;
				LastSwiftUpdateCheck = 1330;
				LastUpgradeCheck = 1330;
				TargetAttributes = {
					558F2AED27F877E700AF4631 = {
						CreatedOnToolsVersion = 13.3;
					};
					55FF793E27FF53A800D31C8C = {
						CreatedOnToolsVersion = 13.3;
					};
				};
			};
			buildConfigurationList = 558F2AE927F877E700AF4631 /* Build configuration list for PBXProject "Devote" */;
			compatibilityVersion = "Xcode 13.0";
			developmentRegion = en;
			hasScannedForEncodings = 0;
			knownRegions = (
				en,
				Base,
			);
			mainGroup = 558F2AE527F877E700AF4631;
			productRefGroup = 558F2AEF27F877E700AF4631 /* Products */;
			projectDirPath = "";
			projectRoot = "";
			targets = (
				558F2AED27F877E700AF4631 /* Devote */,
				55FF793E27FF53A800D31C8C /* DevoteWidgetExtension */,
			);
		};
/* End PBXProject section */

/* Begin PBXResourcesBuildPhase section */
		558F2AEC27F877E700AF4631 /* Resources */ = {
			isa = PBXResourcesBuildPhase;
			buildActionMask = 2147483647;
			files = (
				558F2B0827F87B0A00AF4631 /* sound-ding.mp3 in Resources */,
				558F2B0727F87B0A00AF4631 /* sound-rise.mp3 in Resources */,
				558F2AF927F877E700AF4631 /* Preview Assets.xcassets in Resources */,
				558F2B0927F87B0A00AF4631 /* sound-tap.mp3 in Resources */,
				558F2AF627F877E700AF4631 /* Assets.xcassets in Resources */,
			);
			runOnlyForDeploymentPostprocessing = 0;
		};
		55FF793D27FF53A800D31C8C /* Resources */ = {
			isa = PBXResourcesBuildPhase;
			buildActionMask = 2147483647;
			files = (
				5573017E28018641009F2757 /* Assets.xcassets in Resources */,
				55FF794927FF53A900D31C8C /* Assets.xcassets in Resources */,
			);
			runOnlyForDeploymentPostprocessing = 0;
		};
/* End PBXResourcesBuildPhase section */

/* Begin PBXSourcesBuildPhase section */
		558F2AEA27F877E700AF4631 /* Sources */ = {
			isa = PBXSourcesBuildPhase;
			buildActionMask = 2147483647;
			files = (
				558F2AFB27F877E700AF4631 /* Persistence.swift in Sources */,
				55538F8427FA1ED600330F34 /* BackgroundImageView.swift in Sources */,
				558F2AF427F877E700AF4631 /* ContentView.swift in Sources */,
				55538F8227FA16BD00330F34 /* HideKeyboardExtension.swift in Sources */,
				55A1235527FCAC2F00B2F958 /* BlankView.swift in Sources */,
				558F2B1727F8B8D500AF4631 /* Constant.swift in Sources */,
				55A1235727FCC8EA00B2F958 /* ListRowItemView.swift in Sources */,
				558F2AFE27F877E700AF4631 /* Devote.xcdatamodeld in Sources */,
				558F2AF227F877E700AF4631 /* DevoteApp.swift in Sources */,
				556ADA7327FE1CC5000B8F0F /* CheckboxStyle.swift in Sources */,
				55FF793A27FF479B00D31C8C /* SoundPlayer.swift in Sources */,
				55A1235327FC9C8600B2F958 /* NewTaskItemView.swift in Sources */,
			);
			runOnlyForDeploymentPostprocessing = 0;
		};
		55FF793B27FF53A800D31C8C /* Sources */ = {
			isa = PBXSourcesBuildPhase;
			buildActionMask = 2147483647;
			files = (
				55FF794727FF53A800D31C8C /* DevoteWidget.swift in Sources */,
				5573017F28018735009F2757 /* Constant.swift in Sources */,
			);
			runOnlyForDeploymentPostprocessing = 0;
		};
/* End PBXSourcesBuildPhase section */

/* Begin PBXTargetDependency section */
		55FF794C27FF53A900D31C8C /* PBXTargetDependency */ = {
			isa = PBXTargetDependency;
			target = 55FF793E27FF53A800D31C8C /* DevoteWidgetExtension */;
			targetProxy = 55FF794B27FF53A900D31C8C /* PBXContainerItemProxy */;
		};
/* End PBXTargetDependency section */

/* Begin XCBuildConfiguration section */
		558F2AFF27F877E700AF4631 /* Debug */ = {
			isa = XCBuildConfiguration;
			buildSettings = {
				ALWAYS_SEARCH_USER_PATHS = NO;
				CLANG_ANALYZER_NONNULL = YES;
				CLANG_ANALYZER_NUMBER_OBJECT_CONVERSION = YES_AGGRESSIVE;
				CLANG_CXX_LANGUAGE_STANDARD = "gnu++17";
				CLANG_ENABLE_MODULES = YES;
				CLANG_ENABLE_OBJC_ARC = YES;
				CLANG_ENABLE_OBJC_WEAK = YES;
				CLANG_WARN_BLOCK_CAPTURE_AUTORELEASING = YES;
				CLANG_WARN_BOOL_CONVERSION = YES;
				CLANG_WARN_COMMA = YES;
				CLANG_WARN_CONSTANT_CONVERSION = YES;
				CLANG_WARN_DEPRECATED_OBJC_IMPLEMENTATIONS = YES;
				CLANG_WARN_DIRECT_OBJC_ISA_USAGE = YES_ERROR;
				CLANG_WARN_DOCUMENTATION_COMMENTS = YES;
				CLANG_WARN_EMPTY_BODY = YES;
				CLANG_WARN_ENUM_CONVERSION = YES;
				CLANG_WARN_INFINITE_RECURSION = YES;
				CLANG_WARN_INT_CONVERSION = YES;
				CLANG_WARN_NON_LITERAL_NULL_CONVERSION = YES;
				CLANG_WARN_OBJC_IMPLICIT_RETAIN_SELF = YES;
				CLANG_WARN_OBJC_LITERAL_CONVERSION = YES;
				CLANG_WARN_OBJC_ROOT_CLASS = YES_ERROR;
				CLANG_WARN_QUOTED_INCLUDE_IN_FRAMEWORK_HEADER = YES;
				CLANG_WARN_RANGE_LOOP_ANALYSIS = YES;
				CLANG_WARN_STRICT_PROTOTYPES = YES;
				CLANG_WARN_SUSPICIOUS_MOVE = YES;
				CLANG_WARN_UNGUARDED_AVAILABILITY = YES_AGGRESSIVE;
				CLANG_WARN_UNREACHABLE_CODE = YES;
				CLANG_WARN__DUPLICATE_METHOD_MATCH = YES;
				COPY_PHASE_STRIP = NO;
				DEBUG_INFORMATION_FORMAT = dwarf;
				ENABLE_STRICT_OBJC_MSGSEND = YES;
				ENABLE_TESTABILITY = YES;
				GCC_C_LANGUAGE_STANDARD = gnu11;
				GCC_DYNAMIC_NO_PIC = NO;
				GCC_NO_COMMON_BLOCKS = YES;
				GCC_OPTIMIZATION_LEVEL = 0;
				GCC_PREPROCESSOR_DEFINITIONS = (
					"DEBUG=1",
					"$(inherited)",
				);
				GCC_WARN_64_TO_32_BIT_CONVERSION = YES;
				GCC_WARN_ABOUT_RETURN_TYPE = YES_ERROR;
				GCC_WARN_UNDECLARED_SELECTOR = YES;
				GCC_WARN_UNINITIALIZED_AUTOS = YES_AGGRESSIVE;
				GCC_WARN_UNUSED_FUNCTION = YES;
				GCC_WARN_UNUSED_VARIABLE = YES;
				IPHONEOS_DEPLOYMENT_TARGET = 15.4;
				MTL_ENABLE_DEBUG_INFO = INCLUDE_SOURCE;
				MTL_FAST_MATH = YES;
				ONLY_ACTIVE_ARCH = YES;
				SDKROOT = iphoneos;
				SWIFT_ACTIVE_COMPILATION_CONDITIONS = DEBUG;
				SWIFT_OPTIMIZATION_LEVEL = "-Onone";
			};
			name = Debug;
		};
		558F2B0027F877E700AF4631 /* Release */ = {
			isa = XCBuildConfiguration;
			buildSettings = {
				ALWAYS_SEARCH_USER_PATHS = NO;
				CLANG_ANALYZER_NONNULL = YES;
				CLANG_ANALYZER_NUMBER_OBJECT_CONVERSION = YES_AGGRESSIVE;
				CLANG_CXX_LANGUAGE_STANDARD = "gnu++17";
				CLANG_ENABLE_MODULES = YES;
				CLANG_ENABLE_OBJC_ARC = YES;
				CLANG_ENABLE_OBJC_WEAK = YES;
				CLANG_WARN_BLOCK_CAPTURE_AUTORELEASING = YES;
				CLANG_WARN_BOOL_CONVERSION = YES;
				CLANG_WARN_COMMA = YES;
				CLANG_WARN_CONSTANT_CONVERSION = YES;
				CLANG_WARN_DEPRECATED_OBJC_IMPLEMENTATIONS = YES;
				CLANG_WARN_DIRECT_OBJC_ISA_USAGE = YES_ERROR;
				CLANG_WARN_DOCUMENTATION_COMMENTS = YES;
				CLANG_WARN_EMPTY_BODY = YES;
				CLANG_WARN_ENUM_CONVERSION = YES;
				CLANG_WARN_INFINITE_RECURSION = YES;
				CLANG_WARN_INT_CONVERSION = YES;
				CLANG_WARN_NON_LITERAL_NULL_CONVERSION = YES;
				CLANG_WARN_OBJC_IMPLICIT_RETAIN_SELF = YES;
				CLANG_WARN_OBJC_LITERAL_CONVERSION = YES;
				CLANG_WARN_OBJC_ROOT_CLASS = YES_ERROR;
				CLANG_WARN_QUOTED_INCLUDE_IN_FRAMEWORK_HEADER = YES;
				CLANG_WARN_RANGE_LOOP_ANALYSIS = YES;
				CLANG_WARN_STRICT_PROTOTYPES = YES;
				CLANG_WARN_SUSPICIOUS_MOVE = YES;
				CLANG_WARN_UNGUARDED_AVAILABILITY = YES_AGGRESSIVE;
				CLANG_WARN_UNREACHABLE_CODE = YES;
				CLANG_WARN__DUPLICATE_METHOD_MATCH = YES;
				COPY_PHASE_STRIP = NO;
				DEBUG_INFORMATION_FORMAT = "dwarf-with-dsym";
				ENABLE_NS_ASSERTIONS = NO;
				ENABLE_STRICT_OBJC_MSGSEND = YES;
				GCC_C_LANGUAGE_STANDARD = gnu11;
				GCC_NO_COMMON_BLOCKS = YES;
				GCC_WARN_64_TO_32_BIT_CONVERSION = YES;
				GCC_WARN_ABOUT_RETURN_TYPE = YES_ERROR;
				GCC_WARN_UNDECLARED_SELECTOR = YES;
				GCC_WARN_UNINITIALIZED_AUTOS = YES_AGGRESSIVE;
				GCC_WARN_UNUSED_FUNCTION = YES;
				GCC_WARN_UNUSED_VARIABLE = YES;
				IPHONEOS_DEPLOYMENT_TARGET = 15.4;
				MTL_ENABLE_DEBUG_INFO = NO;
				MTL_FAST_MATH = YES;
				SDKROOT = iphoneos;
				SWIFT_COMPILATION_MODE = wholemodule;
				SWIFT_OPTIMIZATION_LEVEL = "-O";
				VALIDATE_PRODUCT = YES;
			};
			name = Release;
		};
		558F2B0227F877E700AF4631 /* Debug */ = {
			isa = XCBuildConfiguration;
			buildSettings = {
				ALWAYS_EMBED_SWIFT_STANDARD_LIBRARIES = YES;
				ASSETCATALOG_COMPILER_APPICON_NAME = AppIcon;
				ASSETCATALOG_COMPILER_GLOBAL_ACCENT_COLOR_NAME = AccentColor;
				CODE_SIGN_STYLE = Automatic;
				CURRENT_PROJECT_VERSION = 1;
				DEVELOPMENT_ASSET_PATHS = "\"Devote/Preview Content\"";
				DEVELOPMENT_TEAM = APWHD299J9;
				ENABLE_PREVIEWS = YES;
				GENERATE_INFOPLIST_FILE = YES;
				INFOPLIST_FILE = Devote/Info.plist;
				INFOPLIST_KEY_UIApplicationSceneManifest_Generation = YES;
				INFOPLIST_KEY_UIApplicationSupportsIndirectInputEvents = YES;
				INFOPLIST_KEY_UISupportedInterfaceOrientations = UIInterfaceOrientationPortrait;
				INFOPLIST_KEY_UISupportedInterfaceOrientations_iPad = "UIInterfaceOrientationPortrait UIInterfaceOrientationPortraitUpsideDown UIInterfaceOrientationLandscapeLeft UIInterfaceOrientationLandscapeRight";
				INFOPLIST_KEY_UISupportedInterfaceOrientations_iPhone = "UIInterfaceOrientationPortrait UIInterfaceOrientationLandscapeLeft UIInterfaceOrientationLandscapeRight";
				LD_RUNPATH_SEARCH_PATHS = (
					"$(inherited)",
					"@executable_path/Frameworks",
				);
				MARKETING_VERSION = 1.0;
				PRODUCT_BUNDLE_IDENTIFIER = com.andrej.dev.Devote;
				PRODUCT_NAME = "$(TARGET_NAME)";
				SWIFT_EMIT_LOC_STRINGS = YES;
				SWIFT_VERSION = 5.0;
				TARGETED_DEVICE_FAMILY = "1,2";
			};
			name = Debug;
		};
		558F2B0327F877E700AF4631 /* Release */ = {
			isa = XCBuildConfiguration;
			buildSettings = {
				ALWAYS_EMBED_SWIFT_STANDARD_LIBRARIES = YES;
				ASSETCATALOG_COMPILER_APPICON_NAME = AppIcon;
				ASSETCATALOG_COMPILER_GLOBAL_ACCENT_COLOR_NAME = AccentColor;
				CODE_SIGN_STYLE = Automatic;
				CURRENT_PROJECT_VERSION = 1;
				DEVELOPMENT_ASSET_PATHS = "\"Devote/Preview Content\"";
				DEVELOPMENT_TEAM = APWHD299J9;
				ENABLE_PREVIEWS = YES;
				GENERATE_INFOPLIST_FILE = YES;
				INFOPLIST_FILE = Devote/Info.plist;
				INFOPLIST_KEY_UIApplicationSceneManifest_Generation = YES;
				INFOPLIST_KEY_UIApplicationSupportsIndirectInputEvents = YES;
				INFOPLIST_KEY_UISupportedInterfaceOrientations = UIInterfaceOrientationPortrait;
				INFOPLIST_KEY_UISupportedInterfaceOrientations_iPad = "UIInterfaceOrientationPortrait UIInterfaceOrientationPortraitUpsideDown UIInterfaceOrientationLandscapeLeft UIInterfaceOrientationLandscapeRight";
				INFOPLIST_KEY_UISupportedInterfaceOrientations_iPhone = "UIInterfaceOrientationPortrait UIInterfaceOrientationLandscapeLeft UIInterfaceOrientationLandscapeRight";
				LD_RUNPATH_SEARCH_PATHS = (
					"$(inherited)",
					"@executable_path/Frameworks",
				);
				MARKETING_VERSION = 1.0;
				PRODUCT_BUNDLE_IDENTIFIER = com.andrej.dev.Devote;
				PRODUCT_NAME = "$(TARGET_NAME)";
				SWIFT_EMIT_LOC_STRINGS = YES;
				SWIFT_VERSION = 5.0;
				TARGETED_DEVICE_FAMILY = "1,2";
			};
			name = Release;
		};
		55FF794F27FF53A900D31C8C /* Debug */ = {
			isa = XCBuildConfiguration;
			buildSettings = {
				ASSETCATALOG_COMPILER_GLOBAL_ACCENT_COLOR_NAME = AccentColor;
				ASSETCATALOG_COMPILER_WIDGET_BACKGROUND_COLOR_NAME = WidgetBackground;
				CODE_SIGN_STYLE = Automatic;
				CURRENT_PROJECT_VERSION = 1;
				DEVELOPMENT_TEAM = APWHD299J9;
				GENERATE_INFOPLIST_FILE = YES;
				INFOPLIST_FILE = DevoteWidget/Info.plist;
				INFOPLIST_KEY_CFBundleDisplayName = DevoteWidget;
				INFOPLIST_KEY_NSHumanReadableCopyright = "";
				LD_RUNPATH_SEARCH_PATHS = (
					"$(inherited)",
					"@executable_path/Frameworks",
					"@executable_path/../../Frameworks",
				);
				MARKETING_VERSION = 1.0;
				PRODUCT_BUNDLE_IDENTIFIER = com.andrej.dev.Devote.DevoteWidget;
				PRODUCT_NAME = "$(TARGET_NAME)";
				SKIP_INSTALL = YES;
				SWIFT_EMIT_LOC_STRINGS = YES;
				SWIFT_VERSION = 5.0;
				TARGETED_DEVICE_FAMILY = "1,2";
			};
			name = Debug;
		};
		55FF795027FF53A900D31C8C /* Release */ = {
			isa = XCBuildConfiguration;
			buildSettings = {
				ASSETCATALOG_COMPILER_GLOBAL_ACCENT_COLOR_NAME = AccentColor;
				ASSETCATALOG_COMPILER_WIDGET_BACKGROUND_COLOR_NAME = WidgetBackground;
				CODE_SIGN_STYLE = Automatic;
				CURRENT_PROJECT_VERSION = 1;
				DEVELOPMENT_TEAM = APWHD299J9;
				GENERATE_INFOPLIST_FILE = YES;
				INFOPLIST_FILE = DevoteWidget/Info.plist;
				INFOPLIST_KEY_CFBundleDisplayName = DevoteWidget;
				INFOPLIST_KEY_NSHumanReadableCopyright = "";
				LD_RUNPATH_SEARCH_PATHS = (
					"$(inherited)",
					"@executable_path/Frameworks",
					"@executable_path/../../Frameworks",
				);
				MARKETING_VERSION = 1.0;
				PRODUCT_BUNDLE_IDENTIFIER = com.andrej.dev.Devote.DevoteWidget;
				PRODUCT_NAME = "$(TARGET_NAME)";
				SKIP_INSTALL = YES;
				SWIFT_EMIT_LOC_STRINGS = YES;
				SWIFT_VERSION = 5.0;
				TARGETED_DEVICE_FAMILY = "1,2";
			};
			name = Release;
		};
/* End XCBuildConfiguration section */

/* Begin XCConfigurationList section */
		558F2AE927F877E700AF4631 /* Build configuration list for PBXProject "Devote" */ = {
			isa = XCConfigurationList;
			buildConfigurations = (
				558F2AFF27F877E700AF4631 /* Debug */,
				558F2B0027F877E700AF4631 /* Release */,
			);
			defaultConfigurationIsVisible = 0;
			defaultConfigurationName = Release;
		};
		558F2B0127F877E700AF4631 /* Build configuration list for PBXNativeTarget "Devote" */ = {
			isa = XCConfigurationList;
			buildConfigurations = (
				558F2B0227F877E700AF4631 /* Debug */,
				558F2B0327F877E700AF4631 /* Release */,
			);
			defaultConfigurationIsVisible = 0;
			defaultConfigurationName = Release;
		};
		55FF794E27FF53A900D31C8C /* Build configuration list for PBXNativeTarget "DevoteWidgetExtension" */ = {
			isa = XCConfigurationList;
			buildConfigurations = (
				55FF794F27FF53A900D31C8C /* Debug */,
				55FF795027FF53A900D31C8C /* Release */,
			);
			defaultConfigurationIsVisible = 0;
			defaultConfigurationName = Release;
		};
/* End XCConfigurationList section */

/* Begin XCVersionGroup section */
		558F2AFC27F877E700AF4631 /* Devote.xcdatamodeld */ = {
			isa = XCVersionGroup;
			children = (
				558F2AFD27F877E700AF4631 /* Devote.xcdatamodel */,
			);
			currentVersion = 558F2AFD27F877E700AF4631 /* Devote.xcdatamodel */;
			path = Devote.xcdatamodeld;
			sourceTree = "<group>";
			versionGroupType = wrapper.xcdatamodel;
		};
/* End XCVersionGroup section */
	};
	rootObject = 558F2AE627F877E700AF4631 /* Project object */;
}
